
Microsoft Visual Studio Solution File, Format Version 12.00
# Visual Studio Version 17
VisualStudioVersion = 17.0.31919.166
MinimumVisualStudioVersion = 10.0.40219.1
Project("{FAE04EC0-301F-11D3-BF4B-00C04F79EFBC}") = "BancoApp", "BancoApp\BancoApp.csproj", "{B1C51337-B0C2-462F-BA4F-424E61A989F9}"
EndProject
Global
	GlobalSection(SolutionConfigurationPlatforms) = preSolution
		Debug|Any CPU = Debug|Any CPU
		Release|Any CPU = Release|Any CPU
	EndGlobalSection
	GlobalSection(ProjectConfigurationPlatforms) = postSolution
		{B1C51337-B0C2-462F-BA4F-424E61A989F9}.Debug|Any CPU.ActiveCfg = Debug|Any CPU
		{B1C51337-B0C2-462F-BA4F-424E61A989F9}.Debug|Any CPU.Build.0 = Debug|Any CPU
		{B1C51337-B0C2-462F-BA4F-424E61A989F9}.Release|Any CPU.ActiveCfg = Release|Any CPU
		{B1C51337-B0C2-462F-BA4F-424E61A989F9}.Release|Any CPU.Build.0 = Release|Any CPU
	EndGlobalSection
	GlobalSection(SolutionProperties) = preSolution
		HideSolutionNode = FALSE
	EndGlobalSection
	GlobalSection(ExtensibilityGlobals) = postSolution
		SolutionGuid = {7037D56F-7272-49D0-BF6E-58159F0BB484}
	EndGlobalSection
EndGlobal
